
Microsoft Visual Studio Solution File, Format Version 12.00
# Visual Studio Version 16
VisualStudioVersion = 16.0.31205.134
MinimumVisualStudioVersion = 10.0.40219.1
Project("{FAE04EC0-301F-11D3-BF4B-00C04F79EFBC}") = "LaptopShop", "LaptopShop\LaptopShop.csproj", "{3C3454E5-FE85-4DCF-BD4E-5BD32CEFC3BB}"
EndProject
Global
	GlobalSection(SolutionConfigurationPlatforms) = preSolution
		Debug|Any CPU = Debug|Any CPU
		Release|Any CPU = Release|Any CPU
	EndGlobalSection
	GlobalSection(ProjectConfigurationPlatforms) = postSolution
		{3C3454E5-FE85-4DCF-BD4E-5BD32CEFC3BB}.Debug|Any CPU.ActiveCfg = Debug|Any CPU
		{3C3454E5-FE85-4DCF-BD4E-5BD32CEFC3BB}.Debug|Any CPU.Build.0 = Debug|Any CPU
		{3C3454E5-FE85-4DCF-BD4E-5BD32CEFC3BB}.Release|Any CPU.ActiveCfg = Release|Any CPU
		{3C3454E5-FE85-4DCF-BD4E-5BD32CEFC3BB}.Release|Any CPU.Build.0 = Release|Any CPU
	EndGlobalSection
	GlobalSection(SolutionProperties) = preSolution
		HideSolutionNode = FALSE
	EndGlobalSection
	GlobalSection(ExtensibilityGlobals) = postSolution
		SolutionGuid = {8A91C7C1-B533-45C7-B39C-7B9ABD3D8992}
	EndGlobalSection
EndGlobal
